lockfileVersion: 5.4

specifiers:
  '@seleniumhq/side-model': ^4.0.0-alpha.1
  ua-parser-js: 0.7.28

dependencies:
  '@seleniumhq/side-model': link:../side-model
  ua-parser-js: 0.7.28

packages:

  /ua-parser-js/0.7.28:
    resolution: {integrity: sha512-6Gurc1n//gjp9eQNXjD9O3M/sMwVtN5S8Lv9bvOYBfKfDNiIIhqiyi01vMBO45u4zkDE420w/e0se7Vs+sIg+g==}
    dev: false
